
Microsoft Visual Studio Solution File, Format Version 12.00
# Visual Studio Version 17
VisualStudioVersion = 17.10.34916.146
MinimumVisualStudioVersion = 10.0.40219.1
Project("{FAE04EC0-301F-11D3-BF4B-00C04F79EFBC}") = "Masjid_Management", "Masjid_Management\Masjid_Management.csproj", "{90F029C0-3FF2-4752-A1F6-DC4619341653}"
EndProject
Global
	GlobalSection(SolutionConfigurationPlatforms) = preSolution
		Debug|Any CPU = Debug|Any CPU
		Release|Any CPU = Release|Any CPU
	EndGlobalSection
	GlobalSection(ProjectConfigurationPlatforms) = postSolution
		{90F029C0-3FF2-4752-A1F6-DC4619341653}.Debug|Any CPU.ActiveCfg = Debug|Any CPU
		{90F029C0-3FF2-4752-A1F6-DC4619341653}.Debug|Any CPU.Build.0 = Debug|Any CPU
		{90F029C0-3FF2-4752-A1F6-DC4619341653}.Release|Any CPU.ActiveCfg = Release|Any CPU
		{90F029C0-3FF2-4752-A1F6-DC4619341653}.Release|Any CPU.Build.0 = Release|Any CPU
	EndGlobalSection
	GlobalSection(SolutionProperties) = preSolution
		HideSolutionNode = FALSE
	EndGlobalSection
	GlobalSection(ExtensibilityGlobals) = postSolution
		SolutionGuid = {8BCF1164-7692-4D45-963D-0EF722C8C00E}
	EndGlobalSection
EndGlobal
